{
	"name": "pi-chrome",
	"version": "0.15.27",
	"lockfileVersion": 3,
	"requires": true,
	"packages": {
		"": {
			"name": "pi-chrome",
			"version": "0.15.27",
			"license": "MIT",
			"peerDependencies": {
				"@earendil-works/pi-coding-agent": "*",
				"typebox": "*"
			},
			"peerDependenciesMeta": {
				"@earendil-works/pi-coding-agent": {
					"optional": true
				},
				"typebox": {
					"optional": true
				}
			}
		}
	}
}
